
Microsoft Visual Studio Solution File, Format Version 12.00
# Visual Studio Version 17
VisualStudioVersion = 17.8.34004.107
MinimumVisualStudioVersion = 10.0.40219.1
Project("{FAE04EC0-301F-11D3-BF4B-00C04F79EFBC}") = "FactoryPattern_CA", "FactoryPattern_CA\FactoryPattern_CA.csproj", "{F901B7A3-1CD1-4A50-BB1B-54CE1992D206}"
EndProject
Global
	GlobalSection(SolutionConfigurationPlatforms) = preSolution
		Debug|Any CPU = Debug|Any CPU
		Release|Any CPU = Release|Any CPU
	EndGlobalSection
	GlobalSection(ProjectConfigurationPlatforms) = postSolution
		{F901B7A3-1CD1-4A50-BB1B-54CE1992D206}.Debug|Any CPU.ActiveCfg = Debug|Any CPU
		{F901B7A3-1CD1-4A50-BB1B-54CE1992D206}.Debug|Any CPU.Build.0 = Debug|Any CPU
		{F901B7A3-1CD1-4A50-BB1B-54CE1992D206}.Release|Any CPU.ActiveCfg = Release|Any CPU
		{F901B7A3-1CD1-4A50-BB1B-54CE1992D206}.Release|Any CPU.Build.0 = Release|Any CPU
	EndGlobalSection
	GlobalSection(SolutionProperties) = preSolution
		HideSolutionNode = FALSE
	EndGlobalSection
	GlobalSection(ExtensibilityGlobals) = postSolution
		SolutionGuid = {D9058211-922B-44C2-B785-4182E5D234AD}
	EndGlobalSection
EndGlobal
