
Microsoft Visual Studio Solution File, Format Version 12.00
# Visual Studio Version 17
VisualStudioVersion = 17.8.34004.107
MinimumVisualStudioVersion = 10.0.40219.1
Project("{FAE04EC0-301F-11D3-BF4B-00C04F79EFBC}") = "BuilderPattern_CA", "BuilderPattern_CA\BuilderPattern_CA.csproj", "{AE5AA1D8-7289-477B-902B-71B1D0D3C0F3}"
EndProject
Global
	GlobalSection(SolutionConfigurationPlatforms) = preSolution
		Debug|Any CPU = Debug|Any CPU
		Release|Any CPU = Release|Any CPU
	EndGlobalSection
	GlobalSection(ProjectConfigurationPlatforms) = postSolution
		{AE5AA1D8-7289-477B-902B-71B1D0D3C0F3}.Debug|Any CPU.ActiveCfg = Debug|Any CPU
		{AE5AA1D8-7289-477B-902B-71B1D0D3C0F3}.Debug|Any CPU.Build.0 = Debug|Any CPU
		{AE5AA1D8-7289-477B-902B-71B1D0D3C0F3}.Release|Any CPU.ActiveCfg = Release|Any CPU
		{AE5AA1D8-7289-477B-902B-71B1D0D3C0F3}.Release|Any CPU.Build.0 = Release|Any CPU
	EndGlobalSection
	GlobalSection(SolutionProperties) = preSolution
		HideSolutionNode = FALSE
	EndGlobalSection
	GlobalSection(ExtensibilityGlobals) = postSolution
		SolutionGuid = {1E249AE3-6EC4-4E0B-B8D0-6BF6490F14C4}
	EndGlobalSection
EndGlobal
